// !$*UTF8*$!
{
	archiveVersion = 1;
	classes = {
	};
	objectVersion = 46;
	objects = {

/* Begin PBXBuildFile section */
		C0257E73201BEB0C00E4C6AD /* RoundedButton.swift in Sources */ = {isa = PBXBuildFile; fileRef = C0257E72201BEB0C00E4C6AD /* RoundedButton.swift */; };
		C0257E75201BF49D00E4C6AD /* LoginVC.swift in Sources */ = {isa = PBXBuildFile; fileRef = C0257E74201BF49D00E4C6AD /* LoginVC.swift */; };
		C0257E77201BF62C00E4C6AD /* FirebaseAuth.framework in Frameworks */ = {isa = PBXBuildFile; fileRef = C0257E76201BF62C00E4C6AD /* FirebaseAuth.framework */; };
		C0257E7B201CF76200E4C6AD /* AuthService.swift in Sources */ = {isa = PBXBuildFile; fileRef = C0257E7A201CF76200E4C6AD /* AuthService.swift */; };
		C0257E7E201D621500E4C6AD /* FirebaseDatabase.framework in Frameworks */ = {isa = PBXBuildFile; fileRef = C0257E7C201D621500E4C6AD /* FirebaseDatabase.framework */; };
		C0257E7F201D621500E4C6AD /* leveldb-library.framework in Frameworks */ = {isa = PBXBuildFile; fileRef = C0257E7D201D621500E4C6AD /* leveldb-library.framework */; };
		C0257E81201D626700E4C6AD /* DataService.swift in Sources */ = {isa = PBXBuildFile; fileRef = C0257E80201D626700E4C6AD /* DataService.swift */; };
		C0257E83201E3FEA00E4C6AD /* UsersVC.swift in Sources */ = {isa = PBXBuildFile; fileRef = C0257E82201E3FEA00E4C6AD /* UsersVC.swift */; };
		C03891162016C02B00A9E0A1 /* AppDelegate.swift in Sources */ = {isa = PBXBuildFile; fileRef = C03891152016C02B00A9E0A1 /* AppDelegate.swift */; };
		C03891182016C02B00A9E0A1 /* CameraVC.swift in Sources */ = {isa = PBXBuildFile; fileRef = C03891172016C02B00A9E0A1 /* CameraVC.swift */; };
		C038911B2016C02B00A9E0A1 /* Main.storyboard in Resources */ = {isa = PBXBuildFile; fileRef = C03891192016C02B00A9E0A1 /* Main.storyboard */; };
		C038911E2016C02B00A9E0A1 /* photo_chat.xcdatamodeld in Sources */ = {isa = PBXBuildFile; fileRef = C038911C2016C02B00A9E0A1 /* photo_chat.xcdatamodeld */; };
		C03891202016C02B00A9E0A1 /* Assets.xcassets in Resources */ = {isa = PBXBuildFile; fileRef = C038911F2016C02B00A9E0A1 /* Assets.xcassets */; };
		C03891232016C02B00A9E0A1 /* LaunchScreen.storyboard in Resources */ = {isa = PBXBuildFile; fileRef = C03891212016C02B00A9E0A1 /* LaunchScreen.storyboard */; };
		C038912E2016C02B00A9E0A1 /* photo_chatTests.swift in Sources */ = {isa = PBXBuildFile; fileRef = C038912D2016C02B00A9E0A1 /* photo_chatTests.swift */; };
		C03891392016C02B00A9E0A1 /* photo_chatUITests.swift in Sources */ = {isa = PBXBuildFile; fileRef = C03891382016C02B00A9E0A1 /* photo_chatUITests.swift */; };
		C03891652016D19E00A9E0A1 /* AAPLCameraViewController.m in Sources */ = {isa = PBXBuildFile; fileRef = C03891642016D19E00A9E0A1 /* AAPLCameraViewController.m */; };
		C03891682016D1B200A9E0A1 /* AAPLPreviewView.m in Sources */ = {isa = PBXBuildFile; fileRef = C03891672016D1B200A9E0A1 /* AAPLPreviewView.m */; };
		C048425C2025390800B3537B /* GeoFire.m in Sources */ = {isa = PBXBuildFile; fileRef = C04842532025390800B3537B /* GeoFire.m */; };
		C048425D2025390800B3537B /* GFBase32Utils.m in Sources */ = {isa = PBXBuildFile; fileRef = C04842552025390800B3537B /* GFBase32Utils.m */; };
		C048425E2025390800B3537B /* GFGeoHash.m in Sources */ = {isa = PBXBuildFile; fileRef = C04842572025390800B3537B /* GFGeoHash.m */; };
		C048425F2025390800B3537B /* GFGeoHashQuery.m in Sources */ = {isa = PBXBuildFile; fileRef = C04842592025390800B3537B /* GFGeoHashQuery.m */; };
		C04842602025390800B3537B /* GFQuery.m in Sources */ = {isa = PBXBuildFile; fileRef = C048425B2025390800B3537B /* GFQuery.m */; };
		C04CA8E72023FB23009A2C9E /* MapVC.swift in Sources */ = {isa = PBXBuildFile; fileRef = C04CA8E62023FB23009A2C9E /* MapVC.swift */; };
		C04CA8E92023FEA4009A2C9E /* MapAnnotation.swift in Sources */ = {isa = PBXBuildFile; fileRef = C04CA8E82023FEA4009A2C9E /* MapAnnotation.swift */; };
		C0520CC12017FDF800F3780A /* GoogleService-Info.plist in Resources */ = {isa = PBXBuildFile; fileRef = C0520CC02017FDF800F3780A /* GoogleService-Info.plist */; };
		C0520CCA2017FEF600F3780A /* FirebaseAnalytics.framework in Frameworks */ = {isa = PBXBuildFile; fileRef = C0520CC32017FEF600F3780A /* FirebaseAnalytics.framework */; };
		C0520CCB2017FEF600F3780A /* FirebaseCore.framework in Frameworks */ = {isa = PBXBuildFile; fileRef = C0520CC42017FEF600F3780A /* FirebaseCore.framework */; };
		C0520CCC2017FEF600F3780A /* FirebaseCoreDiagnostics.framework in Frameworks */ = {isa = PBXBuildFile; fileRef = C0520CC52017FEF600F3780A /* FirebaseCoreDiagnostics.framework */; };
		C0520CCD2017FEF600F3780A /* FirebaseInstanceID.framework in Frameworks */ = {isa = PBXBuildFile; fileRef = C0520CC62017FEF600F3780A /* FirebaseInstanceID.framework */; };
		C0520CCE2017FEF600F3780A /* FirebaseNanoPB.framework in Frameworks */ = {isa = PBXBuildFile; fileRef = C0520CC72017FEF600F3780A /* FirebaseNanoPB.framework */; };
		C0520CCF2017FEF600F3780A /* GoogleToolboxForMac.framework in Frameworks */ = {isa = PBXBuildFile; fileRef = C0520CC82017FEF600F3780A /* GoogleToolboxForMac.framework */; };
		C0520CD02017FEF600F3780A /* nanopb.framework in Frameworks */ = {isa = PBXBuildFile; fileRef = C0520CC92017FEF600F3780A /* nanopb.framework */; };
		C0520CD32018033300F3780A /* FirebaseStorage.framework in Frameworks */ = {isa = PBXBuildFile; fileRef = C0520CD12018033300F3780A /* FirebaseStorage.framework */; };
		C0520CD42018033300F3780A /* GTMSessionFetcher.framework in Frameworks */ = {isa = PBXBuildFile; fileRef = C0520CD22018033300F3780A /* GTMSessionFetcher.framework */; };
		C061F10D201E42CC00DFE4CB /* UserCell.swift in Sources */ = {isa = PBXBuildFile; fileRef = C061F10C201E42CC00DFE4CB /* UserCell.swift */; };
		C061F112201E64EC00DFE4CB /* User.swift in Sources */ = {isa = PBXBuildFile; fileRef = C061F111201E64EC00DFE4CB /* User.swift */; };
		C07D666E2027D35400CB47C5 /* Constants.swift in Sources */ = {isa = PBXBuildFile; fileRef = C07D666D2027D35400CB47C5 /* Constants.swift */; };
		C07D667020292A4A00CB47C5 /* VideoMemoryVC.swift in Sources */ = {isa = PBXBuildFile; fileRef = C07D666F20292A4A00CB47C5 /* VideoMemoryVC.swift */; };
		C0B820D8201A8DE400A98014 /* RoundTextField.swift in Sources */ = {isa = PBXBuildFile; fileRef = C0B820D7201A8DE400A98014 /* RoundTextField.swift */; };
		C0F93E742022793100C1B1E3 /* HomeVC.swift in Sources */ = {isa = PBXBuildFile; fileRef = C0F93E732022793100C1B1E3 /* HomeVC.swift */; };
		C0F93E762022854400C1B1E3 /* ProfileVC.swift in Sources */ = {isa = PBXBuildFile; fileRef = C0F93E752022854400C1B1E3 /* ProfileVC.swift */; };
/* End PBXBuildFile section */

/* Begin PBXContainerItemProxy section */
		C038912A2016C02B00A9E0A1 /* PBXContainerItemProxy */ = {
			isa = PBXContainerItemProxy;
			containerPortal = C038910A2016C02A00A9E0A1 /* Project object */;
			proxyType = 1;
			remoteGlobalIDString = C03891112016C02A00A9E0A1;
			remoteInfo = "photo-chat";
		};
		C03891352016C02B00A9E0A1 /* PBXContainerItemProxy */ = {
			isa = PBXContainerItemProxy;
			containerPortal = C038910A2016C02A00A9E0A1 /* Project object */;
			proxyType = 1;
			remoteGlobalIDString = C03891112016C02A00A9E0A1;
			remoteInfo = "photo-chat";
		};
/* End PBXContainerItemProxy section */

/* Begin PBXFileReference section */
		C0257E72201BEB0C00E4C6AD /* RoundedButton.swift */ = {isa = PBXFileReference; fileEncoding = 4; lastKnownFileType = sourcecode.swift; path = RoundedButton.swift; sourceTree = "<group>"; };
		C0257E74201BF49D00E4C6AD /* LoginVC.swift */ = {isa = PBXFileReference; fileEncoding = 4; lastKnownFileType = sourcecode.swift; path = LoginVC.swift; sourceTree = "<group>"; };
		C0257E76201BF62C00E4C6AD /* FirebaseAuth.framework */ = {isa = PBXFileReference; lastKnownFileType = wrapper.framework; path = FirebaseAuth.framework; sourceTree = "<group>"; };
		C0257E7A201CF76200E4C6AD /* AuthService.swift */ = {isa = PBXFileReference; fileEncoding = 4; lastKnownFileType = sourcecode.swift; path = AuthService.swift; sourceTree = "<group>"; };
		C0257E7C201D621500E4C6AD /* FirebaseDatabase.framework */ = {isa = PBXFileReference; lastKnownFileType = wrapper.framework; path = FirebaseDatabase.framework; sourceTree = "<group>"; };
		C0257E7D201D621500E4C6AD /* leveldb-library.framework */ = {isa = PBXFileReference; lastKnownFileType = wrapper.framework; path = "leveldb-library.framework"; sourceTree = "<group>"; };
		C0257E80201D626700E4C6AD /* DataService.swift */ = {isa = PBXFileReference; fileEncoding = 4; lastKnownFileType = sourcecode.swift; path = DataService.swift; sourceTree = "<group>"; };
		C0257E82201E3FEA00E4C6AD /* UsersVC.swift */ = {isa = PBXFileReference; fileEncoding = 4; lastKnownFileType = sourcecode.swift; path = UsersVC.swift; sourceTree = "<group>"; };
		C03891122016C02B00A9E0A1 /* photo-chat.app */ = {isa = PBXFileReference; explicitFileType = wrapper.application; includeInIndex = 0; path = "photo-chat.app"; sourceTree = BUILT_PRODUCTS_DIR; };
		C03891152016C02B00A9E0A1 /* AppDelegate.swift */ = {isa = PBXFileReference; lastKnownFileType = sourcecode.swift; path = AppDelegate.swift; sourceTree = "<group>"; };
		C03891172016C02B00A9E0A1 /* CameraVC.swift */ = {isa = PBXFileReference; lastKnownFileType = sourcecode.swift; path = CameraVC.swift; sourceTree = "<group>"; };
		C038911A2016C02B00A9E0A1 /* Base */ = {isa = PBXFileReference; lastKnownFileType = file.storyboard; name = Base; path = Base.lproj/Main.storyboard; sourceTree = "<group>"; };
		C038911D2016C02B00A9E0A1 /* photo_chat.xcdatamodel */ = {isa = PBXFileReference; lastKnownFileType = wrapper.xcdatamodel; path = photo_chat.xcdatamodel; sourceTree = "<group>"; };
		C038911F2016C02B00A9E0A1 /* Assets.xcassets */ = {isa = PBXFileReference; lastKnownFileType = folder.assetcatalog; path = Assets.xcassets; sourceTree = "<group>"; };
		C03891222016C02B00A9E0A1 /* Base */ = {isa = PBXFileReference; lastKnownFileType = file.storyboard; name = Base; path = Base.lproj/LaunchScreen.storyboard; sourceTree = "<group>"; };
		C03891242016C02B00A9E0A1 /* Info.plist */ = {isa = PBXFileReference; lastKnownFileType = text.plist.xml; path = Info.plist; sourceTree = "<group>"; };
		C03891292016C02B00A9E0A1 /* photo-chatTests.xctest */ = {isa = PBXFileReference; explicitFileType = wrapper.cfbundle; includeInIndex = 0; path = "photo-chatTests.xctest"; sourceTree = BUILT_PRODUCTS_DIR; };
		C038912D2016C02B00A9E0A1 /* photo_chatTests.swift */ = {isa = PBXFileReference; lastKnownFileType = sourcecode.swift; path = photo_chatTests.swift; sourceTree = "<group>"; };
		C038912F2016C02B00A9E0A1 /* Info.plist */ = {isa = PBXFileReference; lastKnownFileType = text.plist.xml; path = Info.plist; sourceTree = "<group>"; };
		C03891342016C02B00A9E0A1 /* photo-chatUITests.xctest */ = {isa = PBXFileReference; explicitFileType = wrapper.cfbundle; includeInIndex = 0; path = "photo-chatUITests.xctest"; sourceTree = BUILT_PRODUCTS_DIR; };
		C03891382016C02B00A9E0A1 /* photo_chatUITests.swift */ = {isa = PBXFileReference; lastKnownFileType = sourcecode.swift; path = photo_chatUITests.swift; sourceTree = "<group>"; };
		C038913A2016C02B00A9E0A1 /* Info.plist */ = {isa = PBXFileReference; lastKnownFileType = text.plist.xml; path = Info.plist; sourceTree = "<group>"; };
		C03891462016CBFC00A9E0A1 /* photo-chat-Bridging-Header.h */ = {isa = PBXFileReference; lastKnownFileType = sourcecode.c.h; path = "photo-chat-Bridging-Header.h"; sourceTree = "<group>"; };
		C03891632016D19E00A9E0A1 /* AAPLCameraViewController.h */ = {isa = PBXFileReference; fileEncoding = 4; lastKnownFileType = sourcecode.c.h; path = AAPLCameraViewController.h; sourceTree = "<group>"; };
		C03891642016D19E00A9E0A1 /* AAPLCameraViewController.m */ = {isa = PBXFileReference; fileEncoding = 4; lastKnownFileType = sourcecode.c.objc; path = AAPLCameraViewController.m; sourceTree = "<group>"; };
		C03891662016D1B200A9E0A1 /* AAPLPreviewView.h */ = {isa = PBXFileReference; fileEncoding = 4; lastKnownFileType = sourcecode.c.h; path = AAPLPreviewView.h; sourceTree = "<group>"; };
		C03891672016D1B200A9E0A1 /* AAPLPreviewView.m */ = {isa = PBXFileReference; fileEncoding = 4; lastKnownFileType = sourcecode.c.objc; path = AAPLPreviewView.m; sourceTree = "<group>"; };
		C03891692016D21B00A9E0A1 /* AAPLCameraVCDelegate.h */ = {isa = PBXFileReference; fileEncoding = 4; lastKnownFileType = sourcecode.c.h; path = AAPLCameraVCDelegate.h; sourceTree = "<group>"; };
		C048424C2025390800B3537B /* GeoFire.h */ = {isa = PBXFileReference; fileEncoding = 4; lastKnownFileType = sourcecode.c.h; path = GeoFire.h; sourceTree = "<group>"; };
		C048424D2025390800B3537B /* GFCircleQuery.h */ = {isa = PBXFileReference; fileEncoding = 4; lastKnownFileType = sourcecode.c.h; path = GFCircleQuery.h; sourceTree = "<group>"; };
		C048424E2025390800B3537B /* GFQuery.h */ = {isa = PBXFileReference; fileEncoding = 4; lastKnownFileType = sourcecode.c.h; path = GFQuery.h; sourceTree = "<group>"; };
		C048424F2025390800B3537B /* GFRegionQuery.h */ = {isa = PBXFileReference; fileEncoding = 4; lastKnownFileType = sourcecode.c.h; path = GFRegionQuery.h; sourceTree = "<group>"; };
		C04842502025390800B3537B /* GeoFire-Prefix.pch */ = {isa = PBXFileReference; fileEncoding = 4; lastKnownFileType = sourcecode.c.h; path = "GeoFire-Prefix.pch"; sourceTree = "<group>"; };
		C04842522025390800B3537B /* GeoFire+Private.h */ = {isa = PBXFileReference; fileEncoding = 4; lastKnownFileType = sourcecode.c.h; path = "GeoFire+Private.h"; sourceTree = "<group>"; };
		C04842532025390800B3537B /* GeoFire.m */ = {isa = PBXFileReference; fileEncoding = 4; lastKnownFileType = sourcecode.c.objc; path = GeoFire.m; sourceTree = "<group>"; };
		C04842542025390800B3537B /* GFBase32Utils.h */ = {isa = PBXFileReference; fileEncoding = 4; lastKnownFileType = sourcecode.c.h; path = GFBase32Utils.h; sourceTree = "<group>"; };
		C04842552025390800B3537B /* GFBase32Utils.m */ = {isa = PBXFileReference; fileEncoding = 4; lastKnownFileType = sourcecode.c.objc; path = GFBase32Utils.m; sourceTree = "<group>"; };
		C04842562025390800B3537B /* GFGeoHash.h */ = {isa = PBXFileReference; fileEncoding = 4; lastKnownFileType = sourcecode.c.h; path = GFGeoHash.h; sourceTree = "<group>"; };
		C04842572025390800B3537B /* GFGeoHash.m */ = {isa = PBXFileReference; fileEncoding = 4; lastKnownFileType = sourcecode.c.objc; path = GFGeoHash.m; sourceTree = "<group>"; };
		C04842582025390800B3537B /* GFGeoHashQuery.h */ = {isa = PBXFileReference; fileEncoding = 4; lastKnownFileType = sourcecode.c.h; path = GFGeoHashQuery.h; sourceTree = "<group>"; };
		C04842592025390800B3537B /* GFGeoHashQuery.m */ = {isa = PBXFileReference; fileEncoding = 4; lastKnownFileType = sourcecode.c.objc; path = GFGeoHashQuery.m; sourceTree = "<group>"; };
		C048425A2025390800B3537B /* GFQuery+Private.h */ = {isa = PBXFileReference; fileEncoding = 4; lastKnownFileType = sourcecode.c.h; path = "GFQuery+Private.h"; sourceTree = "<group>"; };
		C048425B2025390800B3537B /* GFQuery.m */ = {isa = PBXFileReference; fileEncoding = 4; lastKnownFileType = sourcecode.c.objc; path = GFQuery.m; sourceTree = "<group>"; };
		C04CA8E62023FB23009A2C9E /* MapVC.swift */ = {isa = PBXFileReference; fileEncoding = 4; lastKnownFileType = sourcecode.swift; path = MapVC.swift; sourceTree = "<group>"; };
		C04CA8E82023FEA4009A2C9E /* MapAnnotation.swift */ = {isa = PBXFileReference; fileEncoding = 4; lastKnownFileType = sourcecode.swift; path = MapAnnotation.swift; sourceTree = "<group>"; };
		C0520CC02017FDF800F3780A /* GoogleService-Info.plist */ = {isa = PBXFileReference; fileEncoding = 4; lastKnownFileType = text.plist.xml; path = "GoogleService-Info.plist"; sourceTree = "<group>"; };
		C0520CC32017FEF600F3780A /* FirebaseAnalytics.framework */ = {isa = PBXFileReference; lastKnownFileType = wrapper.framework; path = FirebaseAnalytics.framework; sourceTree = "<group>"; };
		C0520CC42017FEF600F3780A /* FirebaseCore.framework */ = {isa = PBXFileReference; lastKnownFileType = wrapper.framework; path = FirebaseCore.framework; sourceTree = "<group>"; };
		C0520CC52017FEF600F3780A /* FirebaseCoreDiagnostics.framework */ = {isa = PBXFileReference; lastKnownFileType = wrapper.framework; path = FirebaseCoreDiagnostics.framework; sourceTree = "<group>"; };
		C0520CC62017FEF600F3780A /* FirebaseInstanceID.framework */ = {isa = PBXFileReference; lastKnownFileType = wrapper.framework; path = FirebaseInstanceID.framework; sourceTree = "<group>"; };
		C0520CC72017FEF600F3780A /* FirebaseNanoPB.framework */ = {isa = PBXFileReference; lastKnownFileType = wrapper.framework; path = FirebaseNanoPB.framework; sourceTree = "<group>"; };
		C0520CC82017FEF600F3780A /* GoogleToolboxForMac.framework */ = {isa = PBXFileReference; lastKnownFileType = wrapper.framework; path = GoogleToolboxForMac.framework; sourceTree = "<group>"; };
		C0520CC92017FEF600F3780A /* nanopb.framework */ = {isa = PBXFileReference; lastKnownFileType = wrapper.framework; path = nanopb.framework; sourceTree = "<group>"; };
		C0520CD12018033300F3780A /* FirebaseStorage.framework */ = {isa = PBXFileReference; lastKnownFileType = wrapper.framework; path = FirebaseStorage.framework; sourceTree = "<group>"; };
		C0520CD22018033300F3780A /* GTMSessionFetcher.framework */ = {isa = PBXFileReference; lastKnownFileType = wrapper.framework; path = GTMSessionFetcher.framework; sourceTree = "<group>"; };
		C061F10C201E42CC00DFE4CB /* UserCell.swift */ = {isa = PBXFileReference; fileEncoding = 4; lastKnownFileType = sourcecode.swift; path = UserCell.swift; sourceTree = "<group>"; };
		C061F111201E64EC00DFE4CB /* User.swift */ = {isa = PBXFileReference; fileEncoding = 4; lastKnownFileType = sourcecode.swift; path = User.swift; sourceTree = "<group>"; };
		C07D666D2027D35400CB47C5 /* Constants.swift */ = {isa = PBXFileReference; fileEncoding = 4; lastKnownFileType = sourcecode.swift; path = Constants.swift; sourceTree = "<group>"; };
		C07D666F20292A4A00CB47C5 /* VideoMemoryVC.swift */ = {isa = PBXFileReference; fileEncoding = 4; lastKnownFileType = sourcecode.swift; path = VideoMemoryVC.swift; sourceTree = "<group>"; };
		C0B820D7201A8DE400A98014 /* RoundTextField.swift */ = {isa = PBXFileReference; fileEncoding = 4; lastKnownFileType = sourcecode.swift; path = RoundTextField.swift; sourceTree = "<group>"; };
		C0F93E732022793100C1B1E3 /* HomeVC.swift */ = {isa = PBXFileReference; fileEncoding = 4; lastKnownFileType = sourcecode.swift; path = HomeVC.swift; sourceTree = "<group>"; };
		C0F93E752022854400C1B1E3 /* ProfileVC.swift */ = {isa = PBXFileReference; fileEncoding = 4; lastKnownFileType = sourcecode.swift; path = ProfileVC.swift; sourceTree = "<group>"; };
/* End PBXFileReference section */

/* Begin PBXFrameworksBuildPhase section */
		C038910F2016C02A00A9E0A1 /* Frameworks */ = {
			isa = PBXFrameworksBuildPhase;
			buildActionMask = 2147483647;
			files = (
				C0520CCC2017FEF600F3780A /* FirebaseCoreDiagnostics.framework in Frameworks */,
				C0520CD42018033300F3780A /* GTMSessionFetcher.framework in Frameworks */,
				C0520CCB2017FEF600F3780A /* FirebaseCore.framework in Frameworks */,
				C0520CCE2017FEF600F3780A /* FirebaseNanoPB.framework in Frameworks */,
				C0520CD32018033300F3780A /* FirebaseStorage.framework in Frameworks */,
				C0257E7F201D621500E4C6AD /* leveldb-library.framework in Frameworks */,
				C0520CD02017FEF600F3780A /* nanopb.framework in Frameworks */,
				C0520CCF2017FEF600F3780A /* GoogleToolboxForMac.framework in Frameworks */,
				C0257E77201BF62C00E4C6AD /* FirebaseAuth.framework in Frameworks */,
				C0257E7E201D621500E4C6AD /* FirebaseDatabase.framework in Frameworks */,
				C0520CCA2017FEF600F3780A /* FirebaseAnalytics.framework in Frameworks */,
				C0520CCD2017FEF600F3780A /* FirebaseInstanceID.framework in Frameworks */,
			);
			runOnlyForDeploymentPostprocessing = 0;
		};
		C03891262016C02B00A9E0A1 /* Frameworks */ = {
			isa = PBXFrameworksBuildPhase;
			buildActionMask = 2147483647;
			files = (
			);
			runOnlyForDeploymentPostprocessing = 0;
		};
		C03891312016C02B00A9E0A1 /* Frameworks */ = {
			isa = PBXFrameworksBuildPhase;
			buildActionMask = 2147483647;
			files = (
			);
			runOnlyForDeploymentPostprocessing = 0;
		};
/* End PBXFrameworksBuildPhase section */

/* Begin PBXGroup section */
		C0257E78201CF73D00E4C6AD /* Services */ = {
			isa = PBXGroup;
			children = (
				C0257E7A201CF76200E4C6AD /* AuthService.swift */,
				C0257E80201D626700E4C6AD /* DataService.swift */,
			);
			name = Services;
			sourceTree = "<group>";
		};
		C03891092016C02A00A9E0A1 = {
			isa = PBXGroup;
			children = (
				C03891142016C02B00A9E0A1 /* photo-chat */,
				C038912C2016C02B00A9E0A1 /* photo-chatTests */,
				C03891372016C02B00A9E0A1 /* photo-chatUITests */,
				C03891132016C02B00A9E0A1 /* Products */,
			);
			sourceTree = "<group>";
		};
		C03891132016C02B00A9E0A1 /* Products */ = {
			isa = PBXGroup;
			children = (
				C03891122016C02B00A9E0A1 /* photo-chat.app */,
				C03891292016C02B00A9E0A1 /* photo-chatTests.xctest */,
				C03891342016C02B00A9E0A1 /* photo-chatUITests.xctest */,
			);
			name = Products;
			sourceTree = "<group>";
		};
		C03891142016C02B00A9E0A1 /* photo-chat */ = {
			isa = PBXGroup;
			children = (
				C048424A2025390800B3537B /* GeoFire */,
				C0520CC22017FEDA00F3780A /* Frameworks */,
				C0257E78201CF73D00E4C6AD /* Services */,
				C0732DCF2017EA7D00B605D1 /* Protocols */,
				C061F10E201E644600DFE4CB /* Model */,
				C03891512016CC2A00A9E0A1 /* Controller */,
				C03891502016CC1700A9E0A1 /* View */,
				C03891152016C02B00A9E0A1 /* AppDelegate.swift */,
				C0520CC02017FDF800F3780A /* GoogleService-Info.plist */,
				C03891192016C02B00A9E0A1 /* Main.storyboard */,
				C038911F2016C02B00A9E0A1 /* Assets.xcassets */,
				C03891212016C02B00A9E0A1 /* LaunchScreen.storyboard */,
				C03891242016C02B00A9E0A1 /* Info.plist */,
				C038911C2016C02B00A9E0A1 /* photo_chat.xcdatamodeld */,
				C03891462016CBFC00A9E0A1 /* photo-chat-Bridging-Header.h */,
				C07D666D2027D35400CB47C5 /* Constants.swift */,
			);
			path = "photo-chat";
			sourceTree = "<group>";
		};
		C038912C2016C02B00A9E0A1 /* photo-chatTests */ = {
			isa = PBXGroup;
			children = (
				C038912D2016C02B00A9E0A1 /* photo_chatTests.swift */,
				C038912F2016C02B00A9E0A1 /* Info.plist */,
			);
			path = "photo-chatTests";
			sourceTree = "<group>";
		};
		C03891372016C02B00A9E0A1 /* photo-chatUITests */ = {
			isa = PBXGroup;
			children = (
				C03891382016C02B00A9E0A1 /* photo_chatUITests.swift */,
				C038913A2016C02B00A9E0A1 /* Info.plist */,
			);
			path = "photo-chatUITests";
			sourceTree = "<group>";
		};
		C03891502016CC1700A9E0A1 /* View */ = {
			isa = PBXGroup;
			children = (
				C03891662016D1B200A9E0A1 /* AAPLPreviewView.h */,
				C03891672016D1B200A9E0A1 /* AAPLPreviewView.m */,
				C0B820D7201A8DE400A98014 /* RoundTextField.swift */,
				C0257E72201BEB0C00E4C6AD /* RoundedButton.swift */,
				C061F10C201E42CC00DFE4CB /* UserCell.swift */,
			);
			name = View;
			sourceTree = "<group>";
		};
		C03891512016CC2A00A9E0A1 /* Controller */ = {
			isa = PBXGroup;
			children = (
				C03891632016D19E00A9E0A1 /* AAPLCameraViewController.h */,
				C03891642016D19E00A9E0A1 /* AAPLCameraViewController.m */,
				C03891172016C02B00A9E0A1 /* CameraVC.swift */,
				C0257E74201BF49D00E4C6AD /* LoginVC.swift */,
				C0257E82201E3FEA00E4C6AD /* UsersVC.swift */,
				C0F93E732022793100C1B1E3 /* HomeVC.swift */,
				C0F93E752022854400C1B1E3 /* ProfileVC.swift */,
				C04CA8E62023FB23009A2C9E /* MapVC.swift */,
				C07D666F20292A4A00CB47C5 /* VideoMemoryVC.swift */,
			);
			name = Controller;
			sourceTree = "<group>";
		};
		C048424A2025390800B3537B /* GeoFire */ = {
			isa = PBXGroup;
			children = (
				C048424B2025390800B3537B /* API */,
				C04842502025390800B3537B /* GeoFire-Prefix.pch */,
				C04842512025390800B3537B /* Implementation */,
			);
			path = GeoFire;
			sourceTree = "<group>";
		};
		C048424B2025390800B3537B /* API */ = {
			isa = PBXGroup;
			children = (
				C048424C2025390800B3537B /* GeoFire.h */,
				C048424D2025390800B3537B /* GFCircleQuery.h */,
				C048424E2025390800B3537B /* GFQuery.h */,
				C048424F2025390800B3537B /* GFRegionQuery.h */,
			);
			path = API;
			sourceTree = "<group>";
		};
		C04842512025390800B3537B /* Implementation */ = {
			isa = PBXGroup;
			children = (
				C04842522025390800B3537B /* GeoFire+Private.h */,
				C04842532025390800B3537B /* GeoFire.m */,
				C04842542025390800B3537B /* GFBase32Utils.h */,
				C04842552025390800B3537B /* GFBase32Utils.m */,
				C04842562025390800B3537B /* GFGeoHash.h */,
				C04842572025390800B3537B /* GFGeoHash.m */,
				C04842582025390800B3537B /* GFGeoHashQuery.h */,
				C04842592025390800B3537B /* GFGeoHashQuery.m */,
				C048425A2025390800B3537B /* GFQuery+Private.h */,
				C048425B2025390800B3537B /* GFQuery.m */,
			);
			path = Implementation;
			sourceTree = "<group>";
		};
		C0520CC22017FEDA00F3780A /* Frameworks */ = {
			isa = PBXGroup;
			children = (
				C0257E7C201D621500E4C6AD /* FirebaseDatabase.framework */,
				C0257E7D201D621500E4C6AD /* leveldb-library.framework */,
				C0257E76201BF62C00E4C6AD /* FirebaseAuth.framework */,
				C0520CD12018033300F3780A /* FirebaseStorage.framework */,
				C0520CD22018033300F3780A /* GTMSessionFetcher.framework */,
				C0520CC32017FEF600F3780A /* FirebaseAnalytics.framework */,
				C0520CC42017FEF600F3780A /* FirebaseCore.framework */,
				C0520CC52017FEF600F3780A /* FirebaseCoreDiagnostics.framework */,
				C0520CC62017FEF600F3780A /* FirebaseInstanceID.framework */,
				C0520CC72017FEF600F3780A /* FirebaseNanoPB.framework */,
				C0520CC82017FEF600F3780A /* GoogleToolboxForMac.framework */,
				C0520CC92017FEF600F3780A /* nanopb.framework */,
			);
			name = Frameworks;
			sourceTree = "<group>";
		};
		C061F10E201E644600DFE4CB /* Model */ = {
			isa = PBXGroup;
			children = (
				C061F111201E64EC00DFE4CB /* User.swift */,
				C04CA8E82023FEA4009A2C9E /* MapAnnotation.swift */,
			);
			name = Model;
			sourceTree = "<group>";
		};
		C0732DCF2017EA7D00B605D1 /* Protocols */ = {
			isa = PBXGroup;
			children = (
				C03891692016D21B00A9E0A1 /* AAPLCameraVCDelegate.h */,
			);
			name = Protocols;
			sourceTree = "<group>";
		};
/* End PBXGroup section */

/* Begin PBXNativeTarget section */
		C03891112016C02A00A9E0A1 /* photo-chat */ = {
			isa = PBXNativeTarget;
			buildConfigurationList = C038913D2016C02B00A9E0A1 /* Build configuration list for PBXNativeTarget "photo-chat" */;
			buildPhases = (
				C038910E2016C02A00A9E0A1 /* Sources */,
				C038910F2016C02A00A9E0A1 /* Frameworks */,
				C03891102016C02A00A9E0A1 /* Resources */,
			);
			buildRules = (
			);
			dependencies = (
			);
			name = "photo-chat";
			productName = "photo-chat";
			productReference = C03891122016C02B00A9E0A1 /* photo-chat.app */;
			productType = "com.apple.product-type.application";
		};
		C03891282016C02B00A9E0A1 /* photo-chatTests */ = {
			isa = PBXNativeTarget;
			buildConfigurationList = C03891402016C02B00A9E0A1 /* Build configuration list for PBXNativeTarget "photo-chatTests" */;
			buildPhases = (
				C03891252016C02B00A9E0A1 /* Sources */,
				C03891262016C02B00A9E0A1 /* Frameworks */,
				C03891272016C02B00A9E0A1 /* Resources */,
			);
			buildRules = (
			);
			dependencies = (
				C038912B2016C02B00A9E0A1 /* PBXTargetDependency */,
			);
			name = "photo-chatTests";
			productName = "photo-chatTests";
			productReference = C03891292016C02B00A9E0A1 /* photo-chatTests.xctest */;
			productType = "com.apple.product-type.bundle.unit-test";
		};
		C03891332016C02B00A9E0A1 /* photo-chatUITests */ = {
			isa = PBXNativeTarget;
			buildConfigurationList = C03891432016C02B00A9E0A1 /* Build configuration list for PBXNativeTarget "photo-chatUITests" */;
			buildPhases = (
				C03891302016C02B00A9E0A1 /* Sources */,
				C03891312016C02B00A9E0A1 /* Frameworks */,
				C03891322016C02B00A9E0A1 /* Resources */,
			);
			buildRules = (
			);
			dependencies = (
				C03891362016C02B00A9E0A1 /* PBXTargetDependency */,
			);
			name = "photo-chatUITests";
			productName = "photo-chatUITests";
			productReference = C03891342016C02B00A9E0A1 /* photo-chatUITests.xctest */;
			productType = "com.apple.product-type.bundle.ui-testing";
		};
/* End PBXNativeTarget section */

/* Begin PBXProject section */
		C038910A2016C02A00A9E0A1 /* Project object */ = {
			isa = PBXProject;
			attributes = {
				LastSwiftUpdateCheck = 0820;
				LastUpgradeCheck = 0820;
				ORGANIZATIONNAME = "Andrew McGovern";
				TargetAttributes = {
					C03891112016C02A00A9E0A1 = {
						CreatedOnToolsVersion = 8.2.1;
						DevelopmentTeam = V4P7JY664L;
						LastSwiftMigration = 0820;
						ProvisioningStyle = Automatic;
					};
					C03891282016C02B00A9E0A1 = {
						CreatedOnToolsVersion = 8.2.1;
						DevelopmentTeam = V4P7JY664L;
						ProvisioningStyle = Automatic;
						TestTargetID = C03891112016C02A00A9E0A1;
					};
					C03891332016C02B00A9E0A1 = {
						CreatedOnToolsVersion = 8.2.1;
						DevelopmentTeam = V4P7JY664L;
						ProvisioningStyle = Automatic;
						TestTargetID = C03891112016C02A00A9E0A1;
					};
				};
			};
			buildConfigurationList = C038910D2016C02A00A9E0A1 /* Build configuration list for PBXProject "photo-chat" */;
			compatibilityVersion = "Xcode 3.2";
			developmentRegion = English;
			hasScannedForEncodings = 0;
			knownRegions = (
				en,
				Base,
			);
			mainGroup = C03891092016C02A00A9E0A1;
			productRefGroup = C03891132016C02B00A9E0A1 /* Products */;
			projectDirPath = "";
			projectRoot = "";
			targets = (
				C03891112016C02A00A9E0A1 /* photo-chat */,
				C03891282016C02B00A9E0A1 /* photo-chatTests */,
				C03891332016C02B00A9E0A1 /* photo-chatUITests */,
			);
		};
/* End PBXProject section */

/* Begin PBXResourcesBuildPhase section */
		C03891102016C02A00A9E0A1 /* Resources */ = {
			isa = PBXResourcesBuildPhase;
			buildActionMask = 2147483647;
			files = (
				C03891232016C02B00A9E0A1 /* LaunchScreen.storyboard in Resources */,
				C0520CC12017FDF800F3780A /* GoogleService-Info.plist in Resources */,
				C03891202016C02B00A9E0A1 /* Assets.xcassets in Resources */,
				C038911B2016C02B00A9E0A1 /* Main.storyboard in Resources */,
			);
			runOnlyForDeploymentPostprocessing = 0;
		};
		C03891272016C02B00A9E0A1 /* Resources */ = {
			isa = PBXResourcesBuildPhase;
			buildActionMask = 2147483647;
			files = (
			);
			runOnlyForDeploymentPostprocessing = 0;
		};
		C03891322016C02B00A9E0A1 /* Resources */ = {
			isa = PBXResourcesBuildPhase;
			buildActionMask = 2147483647;
			files = (
			);
			runOnlyForDeploymentPostprocessing = 0;
		};
/* End PBXResourcesBuildPhase section */

/* Begin PBXSourcesBuildPhase section */
		C038910E2016C02A00A9E0A1 /* Sources */ = {
			isa = PBXSourcesBuildPhase;
			buildActionMask = 2147483647;
			files = (
				C0F93E762022854400C1B1E3 /* ProfileVC.swift in Sources */,
				C061F112201E64EC00DFE4CB /* User.swift in Sources */,
				C048425F2025390800B3537B /* GFGeoHashQuery.m in Sources */,
				C048425E2025390800B3537B /* GFGeoHash.m in Sources */,
				C0F93E742022793100C1B1E3 /* HomeVC.swift in Sources */,
				C03891182016C02B00A9E0A1 /* CameraVC.swift in Sources */,
				C07D666E2027D35400CB47C5 /* Constants.swift in Sources */,
				C03891162016C02B00A9E0A1 /* AppDelegate.swift in Sources */,
				C0257E75201BF49D00E4C6AD /* LoginVC.swift in Sources */,
				C04CA8E92023FEA4009A2C9E /* MapAnnotation.swift in Sources */,
				C0257E7B201CF76200E4C6AD /* AuthService.swift in Sources */,
				C03891682016D1B200A9E0A1 /* AAPLPreviewView.m in Sources */,
				C038911E2016C02B00A9E0A1 /* photo_chat.xcdatamodeld in Sources */,
				C0257E73201BEB0C00E4C6AD /* RoundedButton.swift in Sources */,
				C0B820D8201A8DE400A98014 /* RoundTextField.swift in Sources */,
				C07D667020292A4A00CB47C5 /* VideoMemoryVC.swift in Sources */,
				C061F10D201E42CC00DFE4CB /* UserCell.swift in Sources */,
				C048425D2025390800B3537B /* GFBase32Utils.m in Sources */,
				C0257E83201E3FEA00E4C6AD /* UsersVC.swift in Sources */,
				C04CA8E72023FB23009A2C9E /* MapVC.swift in Sources */,
				C03891652016D19E00A9E0A1 /* AAPLCameraViewController.m in Sources */,
				C0257E81201D626700E4C6AD /* DataService.swift in Sources */,
				C048425C2025390800B3537B /* GeoFire.m in Sources */,
				C04842602025390800B3537B /* GFQuery.m in Sources */,
			);
			runOnlyForDeploymentPostprocessing = 0;
		};
		C03891252016C02B00A9E0A1 /* Sources */ = {
			isa = PBXSourcesBuildPhase;
			buildActionMask = 2147483647;
			files = (
				C038912E2016C02B00A9E0A1 /* photo_chatTests.swift in Sources */,
			);
			runOnlyForDeploymentPostprocessing = 0;
		};
		C03891302016C02B00A9E0A1 /* Sources */ = {
			isa = PBXSourcesBuildPhase;
			buildActionMask = 2147483647;
			files = (
				C03891392016C02B00A9E0A1 /* photo_chatUITests.swift in Sources */,
			);
			runOnlyForDeploymentPostprocessing = 0;
		};
/* End PBXSourcesBuildPhase section */

/* Begin PBXTargetDependency section */
		C038912B2016C02B00A9E0A1 /* PBXTargetDependency */ = {
			isa = PBXTargetDependency;
			target = C03891112016C02A00A9E0A1 /* photo-chat */;
			targetProxy = C038912A2016C02B00A9E0A1 /* PBXContainerItemProxy */;
		};
		C03891362016C02B00A9E0A1 /* PBXTargetDependency */ = {
			isa = PBXTargetDependency;
			target = C03891112016C02A00A9E0A1 /* photo-chat */;
			targetProxy = C03891352016C02B00A9E0A1 /* PBXContainerItemProxy */;
		};
/* End PBXTargetDependency section */

/* Begin PBXVariantGroup section */
		C03891192016C02B00A9E0A1 /* Main.storyboard */ = {
			isa = PBXVariantGroup;
			children = (
				C038911A2016C02B00A9E0A1 /* Base */,
			);
			name = Main.storyboard;
			sourceTree = "<group>";
		};
		C03891212016C02B00A9E0A1 /* LaunchScreen.storyboard */ = {
			isa = PBXVariantGroup;
			children = (
				C03891222016C02B00A9E0A1 /* Base */,
			);
			name = LaunchScreen.storyboard;
			sourceTree = "<group>";
		};
/* End PBXVariantGroup section */

/* Begin XCBuildConfiguration section */
		C038913B2016C02B00A9E0A1 /* Debug */ = {
			isa = XCBuildConfiguration;
			buildSettings = {
				ALWAYS_SEARCH_USER_PATHS = NO;
				CLANG_ANALYZER_NONNULL = YES;
				CLANG_CXX_LANGUAGE_STANDARD = "gnu++0x";
				CLANG_CXX_LIBRARY = "libc++";
				CLANG_ENABLE_MODULES = YES;
				CLANG_ENABLE_OBJC_ARC = YES;
				CLANG_WARN_BOOL_CONVERSION = YES;
				CLANG_WARN_CONSTANT_CONVERSION = YES;
				CLANG_WARN_DIRECT_OBJC_ISA_USAGE = YES_ERROR;
				CLANG_WARN_DOCUMENTATION_COMMENTS = YES;
				CLANG_WARN_EMPTY_BODY = YES;
				CLANG_WARN_ENUM_CONVERSION = YES;
				CLANG_WARN_INFINITE_RECURSION = YES;
				CLANG_WARN_INT_CONVERSION = YES;
				CLANG_WARN_OBJC_ROOT_CLASS = YES_ERROR;
				CLANG_WARN_SUSPICIOUS_MOVE = YES;
				CLANG_WARN_UNREACHABLE_CODE = YES;
				CLANG_WARN__DUPLICATE_METHOD_MATCH = YES;
				"CODE_SIGN_IDENTITY[sdk=iphoneos*]" = "iPhone Developer";
				COPY_PHASE_STRIP = NO;
				DEBUG_INFORMATION_FORMAT = dwarf;
				ENABLE_STRICT_OBJC_MSGSEND = YES;
				ENABLE_TESTABILITY = YES;
				GCC_C_LANGUAGE_STANDARD = gnu99;
				GCC_DYNAMIC_NO_PIC = NO;
				GCC_NO_COMMON_BLOCKS = YES;
				GCC_OPTIMIZATION_LEVEL = 0;
				GCC_PREPROCESSOR_DEFINITIONS = (
					"DEBUG=1",
					"$(inherited)",
				);
				GCC_WARN_64_TO_32_BIT_CONVERSION = YES;
				GCC_WARN_ABOUT_RETURN_TYPE = YES_ERROR;
				GCC_WARN_UNDECLARED_SELECTOR = YES;
				GCC_WARN_UNINITIALIZED_AUTOS = YES_AGGRESSIVE;
				GCC_WARN_UNUSED_FUNCTION = YES;
				GCC_WARN_UNUSED_VARIABLE = YES;
				IPHONEOS_DEPLOYMENT_TARGET = 10.2;
				MTL_ENABLE_DEBUG_INFO = YES;
				ONLY_ACTIVE_ARCH = YES;
				SDKROOT = iphoneos;
				SWIFT_ACTIVE_COMPILATION_CONDITIONS = DEBUG;
				SWIFT_OPTIMIZATION_LEVEL = "-Onone";
			};
			name = Debug;
		};
		C038913C2016C02B00A9E0A1 /* Release */ = {
			isa = XCBuildConfiguration;
			buildSettings = {
				ALWAYS_SEARCH_USER_PATHS = NO;
				CLANG_ANALYZER_NONNULL = YES;
				CLANG_CXX_LANGUAGE_STANDARD = "gnu++0x";
				CLANG_CXX_LIBRARY = "libc++";
				CLANG_ENABLE_MODULES = YES;
				CLANG_ENABLE_OBJC_ARC = YES;
				CLANG_WARN_BOOL_CONVERSION = YES;
				CLANG_WARN_CONSTANT_CONVERSION = YES;
				CLANG_WARN_DIRECT_OBJC_ISA_USAGE = YES_ERROR;
				CLANG_WARN_DOCUMENTATION_COMMENTS = YES;
				CLANG_WARN_EMPTY_BODY = YES;
				CLANG_WARN_ENUM_CONVERSION = YES;
				CLANG_WARN_INFINITE_RECURSION = YES;
				CLANG_WARN_INT_CONVERSION = YES;
				CLANG_WARN_OBJC_ROOT_CLASS = YES_ERROR;
				CLANG_WARN_SUSPICIOUS_MOVE = YES;
				CLANG_WARN_UNREACHABLE_CODE = YES;
				CLANG_WARN__DUPLICATE_METHOD_MATCH = YES;
				"CODE_SIGN_IDENTITY[sdk=iphoneos*]" = "iPhone Developer";
				COPY_PHASE_STRIP = NO;
				DEBUG_INFORMATION_FORMAT = "dwarf-with-dsym";
				ENABLE_NS_ASSERTIONS = NO;
				ENABLE_STRICT_OBJC_MSGSEND = YES;
				GCC_C_LANGUAGE_STANDARD = gnu99;
				GCC_NO_COMMON_BLOCKS = YES;
				GCC_WARN_64_TO_32_BIT_CONVERSION = YES;
				GCC_WARN_ABOUT_RETURN_TYPE = YES_ERROR;
				GCC_WARN_UNDECLARED_SELECTOR = YES;
				GCC_WARN_UNINITIALIZED_AUTOS = YES_AGGRESSIVE;
				GCC_WARN_UNUSED_FUNCTION = YES;
				GCC_WARN_UNUSED_VARIABLE = YES;
				IPHONEOS_DEPLOYMENT_TARGET = 10.2;
				MTL_ENABLE_DEBUG_INFO = NO;
				SDKROOT = iphoneos;
				SWIFT_OPTIMIZATION_LEVEL = "-Owholemodule";
				VALIDATE_PRODUCT = YES;
			};
			name = Release;
		};
		C038913E2016C02B00A9E0A1 /* Debug */ = {
			isa = XCBuildConfiguration;
			buildSettings = {
				ASSETCATALOG_COMPILER_APPICON_NAME = AppIcon;
				CLANG_ENABLE_MODULES = YES;
				DEVELOPMENT_TEAM = V4P7JY664L;
				FRAMEWORK_SEARCH_PATHS = (
					"$(inherited)",
					"$(PROJECT_DIR)/photo-chat",
				);
				INFOPLIST_FILE = "photo-chat/Info.plist";
				LD_RUNPATH_SEARCH_PATHS = "$(inherited) @executable_path/Frameworks";
				PRODUCT_BUNDLE_IDENTIFIER = "com.winedarkproductions.photo-chat";
				PRODUCT_NAME = "$(TARGET_NAME)";
				SWIFT_OBJC_BRIDGING_HEADER = "photo-chat/photo-chat-Bridging-Header.h";
				SWIFT_OPTIMIZATION_LEVEL = "-Onone";
				SWIFT_VERSION = 3.0;
			};
			name = Debug;
		};
		C038913F2016C02B00A9E0A1 /* Release */ = {
			isa = XCBuildConfiguration;
			buildSettings = {
				ASSETCATALOG_COMPILER_APPICON_NAME = AppIcon;
				CLANG_ENABLE_MODULES = YES;
				DEVELOPMENT_TEAM = V4P7JY664L;
				FRAMEWORK_SEARCH_PATHS = (
					"$(inherited)",
					"$(PROJECT_DIR)/photo-chat",
				);
				INFOPLIST_FILE = "photo-chat/Info.plist";
				LD_RUNPATH_SEARCH_PATHS = "$(inherited) @executable_path/Frameworks";
				PRODUCT_BUNDLE_IDENTIFIER = "com.winedarkproductions.photo-chat";
				PRODUCT_NAME = "$(TARGET_NAME)";
				SWIFT_OBJC_BRIDGING_HEADER = "photo-chat/photo-chat-Bridging-Header.h";
				SWIFT_VERSION = 3.0;
			};
			name = Release;
		};
		C03891412016C02B00A9E0A1 /* Debug */ = {
			isa = XCBuildConfiguration;
			buildSettings = {
				ALWAYS_EMBED_SWIFT_STANDARD_LIBRARIES = YES;
				BUNDLE_LOADER = "$(TEST_HOST)";
				DEVELOPMENT_TEAM = V4P7JY664L;
				INFOPLIST_FILE = "photo-chatTests/Info.plist";
				LD_RUNPATH_SEARCH_PATHS = "$(inherited) @executable_path/Frameworks @loader_path/Frameworks";
				PRODUCT_BUNDLE_IDENTIFIER = "com.winedarkproductions.photo-chatTests";
				PRODUCT_NAME = "$(TARGET_NAME)";
				SWIFT_VERSION = 3.0;
				TEST_HOST = "$(BUILT_PRODUCTS_DIR)/photo-chat.app/photo-chat";
			};
			name = Debug;
		};
		C03891422016C02B00A9E0A1 /* Release */ = {
			isa = XCBuildConfiguration;
			buildSettings = {
				ALWAYS_EMBED_SWIFT_STANDARD_LIBRARIES = YES;
				BUNDLE_LOADER = "$(TEST_HOST)";
				DEVELOPMENT_TEAM = V4P7JY664L;
				INFOPLIST_FILE = "photo-chatTests/Info.plist";
				LD_RUNPATH_SEARCH_PATHS = "$(inherited) @executable_path/Frameworks @loader_path/Frameworks";
				PRODUCT_BUNDLE_IDENTIFIER = "com.winedarkproductions.photo-chatTests";
				PRODUCT_NAME = "$(TARGET_NAME)";
				SWIFT_VERSION = 3.0;
				TEST_HOST = "$(BUILT_PRODUCTS_DIR)/photo-chat.app/photo-chat";
			};
			name = Release;
		};
		C03891442016C02B00A9E0A1 /* Debug */ = {
			isa = XCBuildConfiguration;
			buildSettings = {
				ALWAYS_EMBED_SWIFT_STANDARD_LIBRARIES = YES;
				DEVELOPMENT_TEAM = V4P7JY664L;
				INFOPLIST_FILE = "photo-chatUITests/Info.plist";
				LD_RUNPATH_SEARCH_PATHS = "$(inherited) @executable_path/Frameworks @loader_path/Frameworks";
				PRODUCT_BUNDLE_IDENTIFIER = "com.winedarkproductions.photo-chatUITests";
				PRODUCT_NAME = "$(TARGET_NAME)";
				SWIFT_VERSION = 3.0;
				TEST_TARGET_NAME = "photo-chat";
			};
			name = Debug;
		};
		C03891452016C02B00A9E0A1 /* Release */ = {
			isa = XCBuildConfiguration;
			buildSettings = {
				ALWAYS_EMBED_SWIFT_STANDARD_LIBRARIES = YES;
				DEVELOPMENT_TEAM = V4P7JY664L;
				INFOPLIST_FILE = "photo-chatUITests/Info.plist";
				LD_RUNPATH_SEARCH_PATHS = "$(inherited) @executable_path/Frameworks @loader_path/Frameworks";
				PRODUCT_BUNDLE_IDENTIFIER = "com.winedarkproductions.photo-chatUITests";
				PRODUCT_NAME = "$(TARGET_NAME)";
				SWIFT_VERSION = 3.0;
				TEST_TARGET_NAME = "photo-chat";
			};
			name = Release;
		};
/* End XCBuildConfiguration section */

/* Begin XCConfigurationList section */
		C038910D2016C02A00A9E0A1 /* Build configuration list for PBXProject "photo-chat" */ = {
			isa = XCConfigurationList;
			buildConfigurations = (
				C038913B2016C02B00A9E0A1 /* Debug */,
				C038913C2016C02B00A9E0A1 /* Release */,
			);
			defaultConfigurationIsVisible = 0;
			defaultConfigurationName = Release;
		};
		C038913D2016C02B00A9E0A1 /* Build configuration list for PBXNativeTarget "photo-chat" */ = {
			isa = XCConfigurationList;
			buildConfigurations = (
				C038913E2016C02B00A9E0A1 /* Debug */,
				C038913F2016C02B00A9E0A1 /* Release */,
			);
			defaultConfigurationIsVisible = 0;
			defaultConfigurationName = Release;
		};
		C03891402016C02B00A9E0A1 /* Build configuration list for PBXNativeTarget "photo-chatTests" */ = {
			isa = XCConfigurationList;
			buildConfigurations = (
				C03891412016C02B00A9E0A1 /* Debug */,
				C03891422016C02B00A9E0A1 /* Release */,
			);
			defaultConfigurationIsVisible = 0;
			defaultConfigurationName = Release;
		};
		C03891432016C02B00A9E0A1 /* Build configuration list for PBXNativeTarget "photo-chatUITests" */ = {
			isa = XCConfigurationList;
			buildConfigurations = (
				C03891442016C02B00A9E0A1 /* Debug */,
				C03891452016C02B00A9E0A1 /* Release */,
			);
			defaultConfigurationIsVisible = 0;
			defaultConfigurationName = Release;
		};
/* End XCConfigurationList section */

/* Begin XCVersionGroup section */
		C038911C2016C02B00A9E0A1 /* photo_chat.xcdatamodeld */ = {
			isa = XCVersionGroup;
			children = (
				C038911D2016C02B00A9E0A1 /* photo_chat.xcdatamodel */,
			);
			currentVersion = C038911D2016C02B00A9E0A1 /* photo_chat.xcdatamodel */;
			path = photo_chat.xcdatamodeld;
			sourceTree = "<group>";
			versionGroupType = wrapper.xcdatamodel;
		};
/* End XCVersionGroup section */
	};
	rootObject = C038910A2016C02A00A9E0A1 /* Project object */;
}
